{
  "version": "3",
  "remote": {
    "https://deno.land/std@0.197.0/fmt/colors.ts": "a7eecffdf3d1d54db890723b303847b6e0a1ab4b528ba6958b8f2e754cf1b3bc",
    "https://deno.land/std@0.97.0/fmt/colors.ts": "db22b314a2ae9430ae7460ce005e0a7130e23ae1c999157e3bb77cf55800f7e4",
    "https://deno.land/std@0.97.0/testing/_diff.ts": "961eaf6d9f5b0a8556c9d835bbc6fa74f5addd7d3b02728ba7936ff93364f7a3",
    "https://deno.land/std@0.97.0/testing/asserts.ts": "341292d12eebc44be4c3c2ca101ba8b6b5859cef2fa69d50c217f9d0bfbcfd1f",
    "https://deno.land/x/expect@v0.4.0/expect.ts": "1d1856758a750f440d0b65d74f19e5d4829bb76d8e576d05546abd8e7b1dfb9e",
    "https://deno.land/x/expect@v0.4.0/matchers.ts": "55acf74a3c4a308d079798930f05ab11da2080ec7acd53517193ca90d1296bf7",
    "https://deno.land/x/expect@v0.4.0/mock.ts": "562d4b1d735d15b0b8e935f342679096b64fe452f86e96714fe8616c0c884914",
    "https://deno.land/x/expect@v0.4.0/mod.ts": "0304d2430e1e96ba669a8495e24ba606dcc3d152e1f81aaa8da898cea24e36c2",
    "https://deno.land/x/tincan@1.0.2/mod.ts": "9473507398048cb24dbb37b3a220777106c69c28d573898648deb2bb84a7e131",
    "https://deno.land/x/tincan@1.0.2/src/deps.ts": "cd4b02330db12f33c208706fc90626320152d9ea45f8370a135d69dd94818c49",
    "https://deno.land/x/tincan@1.0.2/src/environment.ts": "1096dc35b77ee070bba03584489f71c446574d3a7676936ab0bb4aed507d7e27",
    "https://deno.land/x/tincan@1.0.2/src/mod.ts": "a105a5d14ec3d40f1b240517eaa92eeeec1c70be331a12877d6bea25c07e3bd7",
    "https://deno.land/x/tincan@1.0.2/src/nodes/mod.ts": "c22f058dd205d10c3b261c9afdbcd95a8eb807401e822f9c899cca2ab0f16473",
    "https://deno.land/x/tincan@1.0.2/src/nodes/nodes.ts": "a8b8b3178868c8b13a6d4d0c96cb41e4c1df48719a8cd2977495af9f9352ab04",
    "https://deno.land/x/tincan@1.0.2/src/nodes/tree.ts": "c119fb6a2ee1fe9833b70111382cc8d9a3f5b875b4bb65a0e8774d919193faa3",
    "https://deno.land/x/tincan@1.0.2/src/nodes/utilities.ts": "5e6a6f0e2650df4e10f7dfde889ef88a588fe9c3b3618aca2acd47e80b3ee3d8",
    "https://deno.land/x/tincan@1.0.2/src/reporter.ts": "84e09297da18c840076be951c02c749678b75dc89b2575f34db1378cbb509939",
    "https://deno.land/x/tincan@1.0.2/src/runner.ts": "54e1a0934a52469437bd4655df51f0c9148327d94a2b0d6c175f6f992a697b86",
    "https://esm.sh/graphql@16.6.0/utilities#=": "4425e2d3c4b5e88712c763a296bd2e686b543ad274a8523ca414885b308534e6",
    "https://esm.sh/graphql@16.8.1/language/ast#=": "c7d170d7df6acc696c447daf9154f2c28d6add6080bf2b1aabfc245c76d7ade7",
    "https://esm.sh/graphql@16.8.1/language/parser#=": "26725cefd21cf7c2a1cc297267e0bd872cf398cce814d4a5152b128a798b4f0c",
    "https://esm.sh/v133/graphql@16.6.0/denonext/utilities.js": "4de290da642a5b7cd3cf341e62bbebaee48a956b1595b02c092a67a13a69d881",
    "https://esm.sh/v133/graphql@16.8.1/denonext/language/ast.js": "3e177a3b7aeb1bea6fea099002143e3194984161e152c24095158b1091700a85",
    "https://esm.sh/v133/graphql@16.8.1/denonext/language/parser.js": "224e14e561b84742661a414827b719067ec368a5e717b86b06ef7ffe7937e5aa"
  }
}
