{
  "version": "2",
  "remote": {
    "https://deno.land/std@0.106.0/fmt/colors.ts": "d2f8355f00a74404668fc5a1e4a92983ce1a9b0a6ac1d40efbd681cb8f519586",
    "https://deno.land/std@0.97.0/fmt/colors.ts": "db22b314a2ae9430ae7460ce005e0a7130e23ae1c999157e3bb77cf55800f7e4",
    "https://deno.land/std@0.97.0/testing/_diff.ts": "961eaf6d9f5b0a8556c9d835bbc6fa74f5addd7d3b02728ba7936ff93364f7a3",
    "https://deno.land/std@0.97.0/testing/asserts.ts": "341292d12eebc44be4c3c2ca101ba8b6b5859cef2fa69d50c217f9d0bfbcfd1f",
    "https://deno.land/x/expect@v0.2.9/expect.ts": "128c60f94ff3f977e2a649463238e403f9bdb8e6ab77e65214c0236bd61b0111",
    "https://deno.land/x/expect@v0.2.9/matchers.ts": "ba7360b73c5031a22449fa98eb4d5dbe7f256a88dd4c22ccae96dc6c01f0b19c",
    "https://deno.land/x/expect@v0.2.9/mock.ts": "562d4b1d735d15b0b8e935f342679096b64fe452f86e96714fe8616c0c884914",
    "https://deno.land/x/expect@v0.2.9/mod.ts": "0304d2430e1e96ba669a8495e24ba606dcc3d152e1f81aaa8da898cea24e36c2",
    "https://deno.land/x/tincan@1.0.1/mod.ts": "9473507398048cb24dbb37b3a220777106c69c28d573898648deb2bb84a7e131",
    "https://deno.land/x/tincan@1.0.1/src/deps.ts": "b02ae57b7ab5035b903f2526b278c26a301e05242668a77eb9e2e82011b651aa",
    "https://deno.land/x/tincan@1.0.1/src/environment.ts": "1096dc35b77ee070bba03584489f71c446574d3a7676936ab0bb4aed507d7e27",
    "https://deno.land/x/tincan@1.0.1/src/mod.ts": "faf52271dbf61ff40b29d60e1d4f8d80f4ad167beebc40905d16779617d07463",
    "https://deno.land/x/tincan@1.0.1/src/nodes/mod.ts": "c22f058dd205d10c3b261c9afdbcd95a8eb807401e822f9c899cca2ab0f16473",
    "https://deno.land/x/tincan@1.0.1/src/nodes/nodes.ts": "a8b8b3178868c8b13a6d4d0c96cb41e4c1df48719a8cd2977495af9f9352ab04",
    "https://deno.land/x/tincan@1.0.1/src/nodes/tree.ts": "c119fb6a2ee1fe9833b70111382cc8d9a3f5b875b4bb65a0e8774d919193faa3",
    "https://deno.land/x/tincan@1.0.1/src/nodes/utilities.ts": "5e6a6f0e2650df4e10f7dfde889ef88a588fe9c3b3618aca2acd47e80b3ee3d8",
    "https://deno.land/x/tincan@1.0.1/src/reporter.ts": "84e09297da18c840076be951c02c749678b75dc89b2575f34db1378cbb509939",
    "https://deno.land/x/tincan@1.0.1/src/runner.ts": "54e1a0934a52469437bd4655df51f0c9148327d94a2b0d6c175f6f992a697b86",
    "https://esm.sh/graphql@16.6.0": "eb7529b944ecef2b21b249fef2fd869e9d1faaa4d7a9c8d0a1d9209100d4862b",
    "https://esm.sh/graphql@16.6.0/language/ast": "74018734c2828dbd59f5f0c9711efd655c5adf9aa72b59468f4e8c24de9c9706",
    "https://esm.sh/graphql@16.6.0/language/ast#=": "68acc50ace12ba062583584fb6bc203d8364729a1e03e0a9c43430d994103e52",
    "https://esm.sh/graphql@16.6.0/language/parser": "5087b871d315931214045d7211272c4bb4cf2f571096eacdf46930dfc671dadb",
    "https://esm.sh/graphql@16.6.0/language/parser#=": "608393902a38f8e30530c37d20f282ff4f996724b8442768c60cbde0141fd210",
    "https://esm.sh/graphql@16.6.0/type/schema": "35a44b7f48d171138377545297f8a1bc59a2bdab6b8619adfc079620e21bb3d4",
    "https://esm.sh/graphql@16.6.0/utilities": "5608de19a778c5d630b9c4495bc35cdc3202c75773e85cfad75fb827a719f10b",
    "https://esm.sh/graphql@16.6.0/utilities#=": "093a6f49f57c38fc2e39bcc7c03ea27451adf50ecd1aed173e5fe834d8421d54",
    "https://esm.sh/graphql@16.6.0/utilities/buildASTSchema": "f31c73c45de392502b7576629621c40f1ca5e7e2cf9535e4d80d460df2f77239",
    "https://esm.sh/v111/graphql@16.6.0/deno/error/GraphQLError.mjs.js": "212009266c4442c0514b0978db36885b995e36e092dec4ff0d9405f6705604f7",
    "https://esm.sh/v111/graphql@16.6.0/deno/error/locatedError.mjs.js": "4a69b7d600c713c4ebfb3ac7c28b515826d0898dd3dd39fd658e73f2a613e291",
    "https://esm.sh/v111/graphql@16.6.0/deno/error/syntaxError.mjs.js": "79396892a9f0d619345da16c6f195a54921ee059d833396df3cf3cfa81047991",
    "https://esm.sh/v111/graphql@16.6.0/deno/execution/collectFields.mjs.js": "c7cca184a5d9a7a8689cf1f2c5397397b5506a9468fe653ba688a4fb47ea4f32",
    "https://esm.sh/v111/graphql@16.6.0/deno/execution/execute.mjs.js": "0754ae022760748bf7eb174472f3fdbac401f2228a3e8063c643021550230a25",
    "https://esm.sh/v111/graphql@16.6.0/deno/execution/values.mjs.js": "d8b976d4d000772cb634cfa0fd122ee7ab642aabd7354070c375344e0c2bbfaf",
    "https://esm.sh/v111/graphql@16.6.0/deno/graphql.js": "eb2d9a427fce7d910462ceec715fe2c6b607ad334cf1817e304c0ee57089b605",
    "https://esm.sh/v111/graphql@16.6.0/deno/jsutils/Path.mjs.js": "33ef594e3e3521470f1b2b38b33a367d97c426b5f8651ecaebbd02e3a58b2e70",
    "https://esm.sh/v111/graphql@16.6.0/deno/jsutils/devAssert.mjs.js": "127306767410cdeca9a0ae85b5b8f8c04479b4caf9578301efba46894691b9e8",
    "https://esm.sh/v111/graphql@16.6.0/deno/jsutils/didYouMean.mjs.js": "525d7932e4ea5e4c30209095291d6f9bf2a88a9118ae31cbb89678e9acb8aea1",
    "https://esm.sh/v111/graphql@16.6.0/deno/jsutils/groupBy.mjs.js": "c5d852fad2a9ce61460151547ce3d102b527a85daed1e54b2e9f5c45f12e94e1",
    "https://esm.sh/v111/graphql@16.6.0/deno/jsutils/identityFunc.mjs.js": "5a3b5219c370778cf1b997fa25f5aeafbc07a0d892813d20029344dec4e27c83",
    "https://esm.sh/v111/graphql@16.6.0/deno/jsutils/inspect.mjs.js": "b55868706dc7214cc1c4ea7e0b1a31cee2f5a06fba3a93c06a9e87e764bb89fb",
    "https://esm.sh/v111/graphql@16.6.0/deno/jsutils/instanceOf.mjs.js": "031993a03bfbefc15d681d987a2e729245c6c85c4464f66fa189824ddaf797af",
    "https://esm.sh/v111/graphql@16.6.0/deno/jsutils/invariant.mjs.js": "d379226a9c6bf0f7a9dbf1209712f752ac3b0eeaf80b72155ca5b3ed28b58c29",
    "https://esm.sh/v111/graphql@16.6.0/deno/jsutils/isIterableObject.mjs.js": "3dd5f0e9153f4c6735007a5840a063c360ca1115627793eb0ff658c4aed83ab7",
    "https://esm.sh/v111/graphql@16.6.0/deno/jsutils/isObjectLike.mjs.js": "9541ae38006c24e43cbd8e145c2dfb6c3606a15792203983c6f56252b8328d17",
    "https://esm.sh/v111/graphql@16.6.0/deno/jsutils/isPromise.mjs.js": "8d84eb204d2ef6d80c7bdfc66527f3a07393e2a2118c6f55be5a542a74970bd1",
    "https://esm.sh/v111/graphql@16.6.0/deno/jsutils/keyMap.mjs.js": "804173e4808443de1b3fb46050fedbfc00cec8f5f2ca44401f19b9218a315dde",
    "https://esm.sh/v111/graphql@16.6.0/deno/jsutils/keyValMap.mjs.js": "81403739ca101914de060abf6e3a6502085b4c16ab7230d75d941cb5a8ee4490",
    "https://esm.sh/v111/graphql@16.6.0/deno/jsutils/mapValue.mjs.js": "c12ed19b9079e05c7602f8951bb3229c715516808a5bf7930b8bff7616fa2649",
    "https://esm.sh/v111/graphql@16.6.0/deno/jsutils/memoize3.mjs.js": "c8083afcba3250e671e06eaa734fc43558546b7d3b5cc9b87db45d5e7dbafba9",
    "https://esm.sh/v111/graphql@16.6.0/deno/jsutils/naturalCompare.mjs.js": "991eed391ab6b21175c7b431af3bd8f97b0e996549f5c9fa427a67a5e572ef41",
    "https://esm.sh/v111/graphql@16.6.0/deno/jsutils/printPathArray.mjs.js": "2c1584003fca80b5d74ec697379020d0c01f895b4807aef929f0f9c7e9a4b42a",
    "https://esm.sh/v111/graphql@16.6.0/deno/jsutils/promiseForObject.mjs.js": "6dea3a3b2ce341f56ac7ad024379f846df55ffd25c5462038b28d6304bd20c90",
    "https://esm.sh/v111/graphql@16.6.0/deno/jsutils/promiseReduce.mjs.js": "91227aa09cb8daa6b4b1648f566a94cfde89d57cacd3689f1e608f2dab0b840f",
    "https://esm.sh/v111/graphql@16.6.0/deno/jsutils/suggestionList.mjs.js": "eff64d5d1451206e3f50f62f326e359a72f048d3f95f3e9e3a473bf3ebb6ae07",
    "https://esm.sh/v111/graphql@16.6.0/deno/jsutils/toError.mjs.js": "4641ada85fe0ea8c8c6234809ae28c3d74c142251ae41a847aef33e52a571ba4",
    "https://esm.sh/v111/graphql@16.6.0/deno/jsutils/toObjMap.mjs.js": "748b6c02bb7e62c2fc094448389aa89a835de7d4cdfba983058b9c15747b6a6d",
    "https://esm.sh/v111/graphql@16.6.0/deno/language/ast.js": "057ff1c95f0757cece8dc202910604ef9cff50001195b5a24ec11154d483c9a4",
    "https://esm.sh/v111/graphql@16.6.0/deno/language/ast.mjs.js": "7ea597aa85163a8cfa2c7a7ab53fb4524aa48a537747a8ff2077caab521a91e7",
    "https://esm.sh/v111/graphql@16.6.0/deno/language/blockString.mjs.js": "5195cdc6b5164acf91b73c8d0a8f7edd083e3778074984b3c7487c9af19cfcec",
    "https://esm.sh/v111/graphql@16.6.0/deno/language/characterClasses.mjs.js": "2bc3a665cc72c23432caee3e6d0d29514c1574d19935ff3d2467b885c6a7fe71",
    "https://esm.sh/v111/graphql@16.6.0/deno/language/directiveLocation.mjs.js": "74a6050515b49456821c8a59015c0110aa5536431fabe78946dc07c141cd1207",
    "https://esm.sh/v111/graphql@16.6.0/deno/language/kinds.mjs.js": "795a1417d8d499d185c59ce6ef69b6aa965ccaea53e44381512151379a7c2ff7",
    "https://esm.sh/v111/graphql@16.6.0/deno/language/lexer.mjs.js": "caa0951b628f3202ace3fda07bc8b83126323ee214f567b99aab780b227eeabe",
    "https://esm.sh/v111/graphql@16.6.0/deno/language/location.mjs.js": "b27f0b66261cdf07dc86a7a98b698926324132e69afd28578b05d822c176b047",
    "https://esm.sh/v111/graphql@16.6.0/deno/language/parser.js": "01d0e173d68a274fa70b617628718d8648942b306bc288ff4ee3e569ad4cfc30",
    "https://esm.sh/v111/graphql@16.6.0/deno/language/parser.mjs.js": "456041b873b8c53eadf164c49591ebdc0f4d13aa2778664397e674dad08400c7",
    "https://esm.sh/v111/graphql@16.6.0/deno/language/predicates.mjs.js": "6c1a7e280780a2a3927c93a1a85c25aa8934c43d47cdbfb8242432ff0d7784ab",
    "https://esm.sh/v111/graphql@16.6.0/deno/language/printLocation.mjs.js": "75ec274bd1748e6909ff8eded4a73ab88a46a29430bc66a2792ca19383bf6447",
    "https://esm.sh/v111/graphql@16.6.0/deno/language/printString.mjs.js": "8d18ca39445017162bd8bb35cc5a91681d4ed2271f3e9010f4d27e77e127c664",
    "https://esm.sh/v111/graphql@16.6.0/deno/language/printer.mjs.js": "72e7da70ee0b4857385ad7e86b9fc7b1a2f6aa81d56915470bf231292d8ea443",
    "https://esm.sh/v111/graphql@16.6.0/deno/language/source.mjs.js": "b5ead6bb8e3bf5fef2d87b90acfde326511eaef510a95fa9d61f4efb7ef5438f",
    "https://esm.sh/v111/graphql@16.6.0/deno/language/tokenKind.mjs.js": "0cbd20c355e40441de08be70ee06ab0abba3972131c1c14cc127b911ab6755f2",
    "https://esm.sh/v111/graphql@16.6.0/deno/language/visitor.mjs.js": "abd784f9f815835c648e2ce6ef608a8d7f8ac593f5679a60883a3e50212f267f",
    "https://esm.sh/v111/graphql@16.6.0/deno/type/assertName.mjs.js": "9c489d5f5297d655b8edc39470aea6b7c3155f496b11b87f6578c51e10f2bd20",
    "https://esm.sh/v111/graphql@16.6.0/deno/type/definition.mjs.js": "1b61d4a335bba1567735767595801b282522ec89593eeb95433e0c467ff117f0",
    "https://esm.sh/v111/graphql@16.6.0/deno/type/directives.mjs.js": "a8107792369d2f37df31194a342ea9d623d714271720e371e7d2971b7215a8f0",
    "https://esm.sh/v111/graphql@16.6.0/deno/type/introspection.mjs.js": "c056b1d98c3fe152d2026d5488e4d3958d9fc74ec12be4e301bdd433ec9c23bd",
    "https://esm.sh/v111/graphql@16.6.0/deno/type/scalars.mjs.js": "3c2ac7fac23730b0520d8a081355ac05597bc252cf0cbadbfd6ab92a09973b8b",
    "https://esm.sh/v111/graphql@16.6.0/deno/type/schema.js": "682200f2b43ade4e6f3adfef88dd1383ebb97c7cff7c769507b5e7413b0ef7a5",
    "https://esm.sh/v111/graphql@16.6.0/deno/type/schema.mjs.js": "9076b0372b572199aff99c27e055fa7de8998b3c3c8d4071df3d31194747a592",
    "https://esm.sh/v111/graphql@16.6.0/deno/type/validate.mjs.js": "e69eb975f7fd45a0aa426544f0f49a1cbf34ecd0c3c900a82adae151b8f17de6",
    "https://esm.sh/v111/graphql@16.6.0/deno/utilities.js": "11307e4d44e855625ab3786f156debff3e89a4b16d9d05211a70e49cabf00f69",
    "https://esm.sh/v111/graphql@16.6.0/deno/utilities/TypeInfo.mjs.js": "9ec819a0e8560802f8d8063639c5527c7ec8f3645f7627695dfe77b03ffafdd3",
    "https://esm.sh/v111/graphql@16.6.0/deno/utilities/assertValidName.mjs.js": "fe7f0d8253789752248cee61ead768634ec0279a66e8931461aca350d0d15cbd",
    "https://esm.sh/v111/graphql@16.6.0/deno/utilities/astFromValue.mjs.js": "0b156f1740bb08763b82b32bbdf3952d1a6eed19a99f936d29cc13abe6ac8918",
    "https://esm.sh/v111/graphql@16.6.0/deno/utilities/buildASTSchema.js": "4b1374be4bb134ee4be5a6be8164da26fba5fa07d5ba0df752dd1f838728da91",
    "https://esm.sh/v111/graphql@16.6.0/deno/utilities/buildASTSchema.mjs.js": "281588844dcc147153a04c7c3dbb3838ca3cf004b6a817886cb3c16954207fa8",
    "https://esm.sh/v111/graphql@16.6.0/deno/utilities/buildClientSchema.mjs.js": "3a1c41e1016cc221263d3753d903b3c7fdc68b2a688ef2bd7948ae418aa7b2e5",
    "https://esm.sh/v111/graphql@16.6.0/deno/utilities/coerceInputValue.mjs.js": "0f3ff2b657b4b75452229bb883407ef36011444f757d5b6deaee58305b370388",
    "https://esm.sh/v111/graphql@16.6.0/deno/utilities/concatAST.mjs.js": "e56b73b63fb5e824eabedb5e7a5a8d380a4e9d49830dd9fc409f292b59cedb21",
    "https://esm.sh/v111/graphql@16.6.0/deno/utilities/extendSchema.mjs.js": "2a704f3ee818ed94a85f0341c7f8aa32d0630fe44d47e4df311bbafd4741663b",
    "https://esm.sh/v111/graphql@16.6.0/deno/utilities/findBreakingChanges.mjs.js": "40ca2c0b9df57ac8e41b59e55559c4849b0c7b8bcdb0ba2948b062aa46dfdaab",
    "https://esm.sh/v111/graphql@16.6.0/deno/utilities/getIntrospectionQuery.mjs.js": "ead4905c7201ac34e1e7ea8a5ae744870c5d5fd1790595df6e58713f9b4af7f1",
    "https://esm.sh/v111/graphql@16.6.0/deno/utilities/getOperationAST.mjs.js": "9df0fdfc7f521a00fe8e4fc1a3a22818e1b3a1a02c5459f7874a04d6952bdc6b",
    "https://esm.sh/v111/graphql@16.6.0/deno/utilities/getOperationRootType.mjs.js": "a46f93c0853e216a8ff74dc29ce45eca5b60e1a62ee0a6a5cef6e3e8ffa03754",
    "https://esm.sh/v111/graphql@16.6.0/deno/utilities/introspectionFromSchema.mjs.js": "a6a55273cdd5fa77aa212af54dac61de4df356ffcf05e1a71e14e061596aecc9",
    "https://esm.sh/v111/graphql@16.6.0/deno/utilities/lexicographicSortSchema.mjs.js": "5eeef4ce69ee6598c80fec29833c54c1ae1992c82be1e20b4359b554875e2aec",
    "https://esm.sh/v111/graphql@16.6.0/deno/utilities/printSchema.mjs.js": "438733e95e3c8dad97291dfa6fab30c353a58f2733c2712ef81139f8a05f90af",
    "https://esm.sh/v111/graphql@16.6.0/deno/utilities/separateOperations.mjs.js": "e0217b439c43d404bc556f0662edcab50a23a61f15af11876fab3d9aa14bdba4",
    "https://esm.sh/v111/graphql@16.6.0/deno/utilities/sortValueNode.mjs.js": "003d99e5694322737fc58b54463a1bb6208aa79f71074816f6d06b76eee653c9",
    "https://esm.sh/v111/graphql@16.6.0/deno/utilities/stripIgnoredCharacters.mjs.js": "2a82ecbb6192ea8f9b58253885d6aac10c9c7880c90c4b7338ffa96918e2bf95",
    "https://esm.sh/v111/graphql@16.6.0/deno/utilities/typeComparators.mjs.js": "1eebb19d190e5cec9722e1414f2371eb42b63d88570f7ed88564023e3908eb88",
    "https://esm.sh/v111/graphql@16.6.0/deno/utilities/typeFromAST.mjs.js": "d2e86379bee608a295711a404b61ad21ab0fa158a7f5d21ba8df44e43ef45bfe",
    "https://esm.sh/v111/graphql@16.6.0/deno/utilities/valueFromAST.mjs.js": "45f021c438c008cd6c4f459edefc4f1b72d025779baa5607f3abe54ce8dfeb93",
    "https://esm.sh/v111/graphql@16.6.0/deno/utilities/valueFromASTUntyped.mjs.js": "7da19b24e8993c0f9f04f16e9f73c0f4655678b9f1a42a3bc415cb16498188cf",
    "https://esm.sh/v111/graphql@16.6.0/deno/validation/ValidationContext.mjs.js": "6d6143fd0e93cf7719dc551983936829c07cca98e140dea095055c2bb5055348",
    "https://esm.sh/v111/graphql@16.6.0/deno/validation/rules/ExecutableDefinitionsRule.mjs.js": "deafcb4d1489e20474731b249a4ea85e1354a19223dcca8a4a3390ac57e9aad1",
    "https://esm.sh/v111/graphql@16.6.0/deno/validation/rules/FieldsOnCorrectTypeRule.mjs.js": "147c0df49514404253cf5b1635eec409e849836aa8664aea47cbeb85f40f7f12",
    "https://esm.sh/v111/graphql@16.6.0/deno/validation/rules/FragmentsOnCompositeTypesRule.mjs.js": "ed13f519ee0a2e38572cd29a1e68837733ce1073b2814d3ce9356a7f22a06b5d",
    "https://esm.sh/v111/graphql@16.6.0/deno/validation/rules/KnownArgumentNamesRule.mjs.js": "32a1c0a398bd53a8fcab6983a323a96ef3e370e52b33356c7476bdebefbbddff",
    "https://esm.sh/v111/graphql@16.6.0/deno/validation/rules/KnownDirectivesRule.mjs.js": "49db8c3d2097f8343c7890bef8a7a250b41dfd3076c5f38c395203fd98367880",
    "https://esm.sh/v111/graphql@16.6.0/deno/validation/rules/KnownFragmentNamesRule.mjs.js": "fec07a75d7e70305d0c2eef9488c3c9e96d350d87ca2b99600638bef8969be7e",
    "https://esm.sh/v111/graphql@16.6.0/deno/validation/rules/KnownTypeNamesRule.mjs.js": "ee58e4fb37471ab4c4925b47a93e76d05d1ba76d46fcbcbd7b80d46aeee66834",
    "https://esm.sh/v111/graphql@16.6.0/deno/validation/rules/LoneAnonymousOperationRule.mjs.js": "550b6fd573c44877fc986b692309fd18c2ea48e6dad566ae503991d5c3bed704",
    "https://esm.sh/v111/graphql@16.6.0/deno/validation/rules/LoneSchemaDefinitionRule.mjs.js": "4a0f155d54cdc342349a9a6671b9f4a368bffd486a8dc0a3313074df52d66662",
    "https://esm.sh/v111/graphql@16.6.0/deno/validation/rules/NoFragmentCyclesRule.mjs.js": "cba66214219acc41c86103e7dde624c1d09b158e780d1b15e7bcf211324281d5",
    "https://esm.sh/v111/graphql@16.6.0/deno/validation/rules/NoUndefinedVariablesRule.mjs.js": "98935774ac6bc6b21b0279d054be35a4bcf4753295b030cd5d8456bec389f8b7",
    "https://esm.sh/v111/graphql@16.6.0/deno/validation/rules/NoUnusedFragmentsRule.mjs.js": "2a4983b7954ee3b8ea7d5311bc9a77c34dbd2267f699d5cf242531d75c3eb6d4",
    "https://esm.sh/v111/graphql@16.6.0/deno/validation/rules/NoUnusedVariablesRule.mjs.js": "ff8e54f6a3192a523f74915938b8ddd3521ac6a6babc96d42533eea4614661ea",
    "https://esm.sh/v111/graphql@16.6.0/deno/validation/rules/OverlappingFieldsCanBeMergedRule.mjs.js": "7788d5e58323dff0a69a4e27116c77bc771a1376fe821b2653367340f1cb55f3",
    "https://esm.sh/v111/graphql@16.6.0/deno/validation/rules/PossibleFragmentSpreadsRule.mjs.js": "dd96992fb5280aa9c31f4d67841691b3742f4e576f27bb7d43f03cad948dd68a",
    "https://esm.sh/v111/graphql@16.6.0/deno/validation/rules/PossibleTypeExtensionsRule.mjs.js": "8391c6a0ae641ac1f50a1fc9dcc260a0704ba9f3f5c1350480001b824a7073a9",
    "https://esm.sh/v111/graphql@16.6.0/deno/validation/rules/ProvidedRequiredArgumentsRule.mjs.js": "0bad3571ea497772bd429ea5f3c4eaed676a7c32b8f4160c3f8f088372aac23d",
    "https://esm.sh/v111/graphql@16.6.0/deno/validation/rules/ScalarLeafsRule.mjs.js": "9c0d8f8c99f13cf529fa1bf16cbcb37e29df948deca69f21598157a025a01d62",
    "https://esm.sh/v111/graphql@16.6.0/deno/validation/rules/SingleFieldSubscriptionsRule.mjs.js": "ee6956bc4e7007fbb23bf101df35d69cbb0462c53782ce7e52d07a6849ad4ce2",
    "https://esm.sh/v111/graphql@16.6.0/deno/validation/rules/UniqueArgumentDefinitionNamesRule.mjs.js": "ada43adb7163858625d50f60f96298d789760e077eda853cf42b3f94a6406cda",
    "https://esm.sh/v111/graphql@16.6.0/deno/validation/rules/UniqueArgumentNamesRule.mjs.js": "7f292af2ec6f3980cd66988b12ef69a23fff96d15365e5eb7c286eee0c10ea85",
    "https://esm.sh/v111/graphql@16.6.0/deno/validation/rules/UniqueDirectiveNamesRule.mjs.js": "eabb2e2840fbb917b1ee3ff32366d044eea98ae3c02d134bbec74817bd283324",
    "https://esm.sh/v111/graphql@16.6.0/deno/validation/rules/UniqueDirectivesPerLocationRule.mjs.js": "84478d1c102dff01ef6fca66e40c8f70994a54e9e4efcf96193be6b3596e08ad",
    "https://esm.sh/v111/graphql@16.6.0/deno/validation/rules/UniqueEnumValueNamesRule.mjs.js": "784e4ed7d48813eab683d2bbf5b62bbe6858c3aa84bc17330c5dddec83debd45",
    "https://esm.sh/v111/graphql@16.6.0/deno/validation/rules/UniqueFieldDefinitionNamesRule.mjs.js": "38515774dffea8176efa2dc98e1aacaf8f873e105f310597f43285583eca69f1",
    "https://esm.sh/v111/graphql@16.6.0/deno/validation/rules/UniqueFragmentNamesRule.mjs.js": "8fe1ec2478cc4e5d058c73dfece6e4991894595cbae3f8018a7a97ec74fa6fc5",
    "https://esm.sh/v111/graphql@16.6.0/deno/validation/rules/UniqueInputFieldNamesRule.mjs.js": "d4d0005ee6da0e21a5669ce32c27e24ab720d74c909cd1b10bcae7146b5cf738",
    "https://esm.sh/v111/graphql@16.6.0/deno/validation/rules/UniqueOperationNamesRule.mjs.js": "d421f6565f59213986cf20723e91a508bdeba533c22ab3d6c06eed1553e7f42b",
    "https://esm.sh/v111/graphql@16.6.0/deno/validation/rules/UniqueOperationTypesRule.mjs.js": "6dd8b4fcf4e317b7f9151d702ae0685753eef2a83ed5a0874badd280af60f33d",
    "https://esm.sh/v111/graphql@16.6.0/deno/validation/rules/UniqueTypeNamesRule.mjs.js": "5538a896f6db76bec4ca5479a121f9bfdf56c39f22e77d08de96e6e4fd2502a0",
    "https://esm.sh/v111/graphql@16.6.0/deno/validation/rules/UniqueVariableNamesRule.mjs.js": "e1b0c72ce18ee39bf4ee13567f15710e00bc6a9c78b1100a862a1641e80a5424",
    "https://esm.sh/v111/graphql@16.6.0/deno/validation/rules/ValuesOfCorrectTypeRule.mjs.js": "c156d788e13f2f4a5363f753d6792fd2bb97feb85c8b4d3b0bc47591e9877cb4",
    "https://esm.sh/v111/graphql@16.6.0/deno/validation/rules/VariablesAreInputTypesRule.mjs.js": "27bd3ec7503a0c07bc6faf349ce1ec66a45adda695f28c857c68e0f3b0be064f",
    "https://esm.sh/v111/graphql@16.6.0/deno/validation/rules/VariablesInAllowedPositionRule.mjs.js": "5e1e398331146990399deb0fbfbda9e00d59700f97a2f2e8dd67773317cbf004",
    "https://esm.sh/v111/graphql@16.6.0/deno/validation/specifiedRules.mjs.js": "1ee7cea2c7b144e9372f11588b3bca12a83c5c294593d59c012346ca7137be56",
    "https://esm.sh/v111/graphql@16.6.0/deno/validation/validate.mjs.js": "e3b7c4ca4c5fb05365c2e25c3db458907163761697df3f30af6deeace6ff8deb",
    "https://esm.sh/v111/graphql@16.6.0/error/GraphQLError.d.ts": "e159a655d3f485425c0b36d3708b53fb7b8455d56d17f634f5ac0c5a5b815ecf",
    "https://esm.sh/v111/graphql@16.6.0/execution/execute.d.ts": "1c92b5c17a4e4649251e30adf66aa197338001f3536114454cdd69d5eacab312",
    "https://esm.sh/v111/graphql@16.6.0/graphql.d.ts": "ff31dcf3082db50c7f17ff648a9d643ef51e11ee2f39ae42197e9a394f86397b",
    "https://esm.sh/v111/graphql@16.6.0/jsutils/Maybe.d.ts": "0804044cd0488cb7212ddbc1d0f8e1a5bd32970335dbfc613052304a1b0318f9",
    "https://esm.sh/v111/graphql@16.6.0/jsutils/ObjMap.d.ts": "85084ae98c1d319e38ef99b1216d3372a9afd7a368022c01c3351b339d52cb58",
    "https://esm.sh/v111/graphql@16.6.0/jsutils/Path.d.ts": "04825c22d0c91a56dc4311b003d822d12e5b79738309812dc3e27a1e637a8deb",
    "https://esm.sh/v111/graphql@16.6.0/jsutils/PromiseOrValue.d.ts": "692345a43bac37c507fa7065c554258435ab821bbe4fb44b513a70063e932b45",
    "https://esm.sh/v111/graphql@16.6.0/language/ast.d.ts": "c0de0da50d66fc80f5547b0216b21fb14fa3a0268ee9f23c41e1e3b8e793ab5e",
    "https://esm.sh/v111/graphql@16.6.0/language/directiveLocation.d.ts": "de21641eb8edcbc08dd0db4ee70eea907cd07fe72267340b5571c92647f10a77",
    "https://esm.sh/v111/graphql@16.6.0/language/kinds.d.ts": "cddd50d7bd9d7fddda91a576db9f61655d1a55e2d870f154485812f6e39d4c15",
    "https://esm.sh/v111/graphql@16.6.0/language/lexer.d.ts": "8d327131db69a9cc4d01e3473d842b6a81e4dc4715a279a859653811294932aa",
    "https://esm.sh/v111/graphql@16.6.0/language/location.d.ts": "ffbafb3cf8c8e4b3c1b4641cfa1baae87c5b4dc31b3fed0a7a0d05dbc57e76cc",
    "https://esm.sh/v111/graphql@16.6.0/language/parser.d.ts": "4169aa26c69995385813dd3ee5c6c736d9fb690dc58c5b88dcef398dd11d38ac",
    "https://esm.sh/v111/graphql@16.6.0/language/source.d.ts": "b725acb041d2a18fde8f46c48a1408418489c4aa222f559b1ef47bf267cb4be0",
    "https://esm.sh/v111/graphql@16.6.0/language/tokenKind.d.ts": "0539583b089247b73a21eb4a5f7e43208a129df6300d6b829dc1039b79b6c8c4",
    "https://esm.sh/v111/graphql@16.6.0/language/visitor.d.ts": "eb8528e4f841d4140f8cba3b14cdd5818b1762dba169e7b34bed388e86d6472f",
    "https://esm.sh/v111/graphql@16.6.0/type/definition.d.ts": "fa119fee8bb68f72f594d140d7ac6197f01876dc97cbffa997b8d7c8130ca2af",
    "https://esm.sh/v111/graphql@16.6.0/type/directives.d.ts": "23c2cd1bfcf77e553473abcfb680f4bd07d13724fdac32fffd8456b5e91ffc92",
    "https://esm.sh/v111/graphql@16.6.0/type/schema": "35a44b7f48d171138377545297f8a1bc59a2bdab6b8619adfc079620e21bb3d4",
    "https://esm.sh/v111/graphql@16.6.0/type/schema.d.ts": "e20e9dc6352b6f3a2c9a8ed9c32e64c4c21169304f143a1d45d03cdcec63a9d3",
    "https://esm.sh/v111/graphql@16.6.0/utilities/TypeInfo.d.ts": "b03c27aa5f09538bea6c6560b96871de11b8d039b960ebed18cd614fbadd8142",
    "https://esm.sh/v111/graphql@16.6.0/utilities/assertValidName.d.ts": "a04cddbcc7c0fb9bffaebcead4d8a8bcdd7cf85ed6a81e1182f62f8b7943604f",
    "https://esm.sh/v111/graphql@16.6.0/utilities/astFromValue.d.ts": "15d2318d24385a537ffb7a40b96d7e7d0911fd6a9e1e583ffe3dd4e8228af179",
    "https://esm.sh/v111/graphql@16.6.0/utilities/buildASTSchema.d.ts": "ad11a2133d50f9465e9fcb6f3f3e588aeb7e3304b9f8bd70e762d6fc7a47ccf3",
    "https://esm.sh/v111/graphql@16.6.0/utilities/buildClientSchema.d.ts": "d995470b2818ec46d05ee07a7b281da57965f97f89b94674f4302cf55b97c35e",
    "https://esm.sh/v111/graphql@16.6.0/utilities/coerceInputValue.d.ts": "4335cc780470cc8d6c3f4d2605b9cbdce5b0f0a55d83e1e819298a3e3127cf2d",
    "https://esm.sh/v111/graphql@16.6.0/utilities/concatAST.d.ts": "3c0c5717e388beb392ef2dea8e05f205567359a142450649b7824bf5d24cc268",
    "https://esm.sh/v111/graphql@16.6.0/utilities/extendSchema.d.ts": "b20bfaa02b7a07613671ac97e7e039686b753bb1f3a1dd858040e48d2aa3dc0d",
    "https://esm.sh/v111/graphql@16.6.0/utilities/findBreakingChanges.d.ts": "625759a187b8bb49ae45b267cfe4247645a81622ac21ec4a11505296a69e4639",
    "https://esm.sh/v111/graphql@16.6.0/utilities/getIntrospectionQuery.d.ts": "6c221c8e1f1558589d9b10af54b33271902549d19f55903d8016aa9bb2cfd21e",
    "https://esm.sh/v111/graphql@16.6.0/utilities/getOperationAST.d.ts": "e9e5e409afe16dcc5c77dcad421f9d7b9cf5d306c40eb3fc6d16de3608d7e8dd",
    "https://esm.sh/v111/graphql@16.6.0/utilities/getOperationRootType.d.ts": "394faab9d5e96aa7ca7ae0d1aa8f6631f30b3953c6d103dc60c5e6f399d64d1a",
    "https://esm.sh/v111/graphql@16.6.0/utilities/index.d.ts": "8d17bdce4f6418e849dc36acb526b58616e09a1ca9ae0ff80b19215de5d34a3a",
    "https://esm.sh/v111/graphql@16.6.0/utilities/introspectionFromSchema.d.ts": "026e29e1fdb15c90101e6fc2d0de9c9359f00bed11f59e99dc4f24f27e1a6998",
    "https://esm.sh/v111/graphql@16.6.0/utilities/lexicographicSortSchema.d.ts": "feba0aea7626ea869b66e92c4ebdbe4eebb5ed835ea4bad1560d9cca794fb7aa",
    "https://esm.sh/v111/graphql@16.6.0/utilities/printSchema.d.ts": "b68ade7170ed28e70e60d79daf8481d5c7dc9edc32ef8c701d8eddaa3ce7966d",
    "https://esm.sh/v111/graphql@16.6.0/utilities/separateOperations.d.ts": "f35b4afc17d4f89c4c002e439e5a2158e48607a0e5ec3e0ee3ac24dff16e1e45",
    "https://esm.sh/v111/graphql@16.6.0/utilities/stripIgnoredCharacters.d.ts": "85a10f6044c31c62614926e641224fc517b9f81387480d752aa38ab7144ee65a",
    "https://esm.sh/v111/graphql@16.6.0/utilities/typeComparators.d.ts": "9e5c2253b16fbf40e6ca5e8d1c6296f2fc78b9ef39d6d26b426023b5a46ca413",
    "https://esm.sh/v111/graphql@16.6.0/utilities/typeFromAST.d.ts": "e962d436a30ccbc5d0ec78f1353a9bfdff70dd37be2d78826d170db680a01ab9",
    "https://esm.sh/v111/graphql@16.6.0/utilities/typedQueryDocumentNode.d.ts": "20822a47f9603f6cf1afcb8d03877e7e6df31e35e23512c342da483ae96cdc73",
    "https://esm.sh/v111/graphql@16.6.0/utilities/valueFromAST.d.ts": "d6f0ecc5e81dc587c12ce13b8fabe4cae34e2d48b9e110f870ef0b1da750c56e",
    "https://esm.sh/v111/graphql@16.6.0/utilities/valueFromASTUntyped.d.ts": "1dc2a364d7a9d01551943328d6eb1290fc58cb6752175dfa03b4643f9afd5749",
    "https://esm.sh/v117/graphql@16.6.0/deno/error/GraphQLError.js": "c535f9a6859f176936c1236e0f86953085fea4781b21e0b76fa10cf8b18e612f",
    "https://esm.sh/v117/graphql@16.6.0/deno/error/locatedError.js": "f14ccec81d78626b5aabbfb25965a132693f3833ef1eeb732c633d5c41decf88",
    "https://esm.sh/v117/graphql@16.6.0/deno/error/syntaxError.js": "238fa17e318739803c906e5b252d269ff46654d301e10f9d6dc62de702afc99b",
    "https://esm.sh/v117/graphql@16.6.0/deno/execution/collectFields.js": "7868defc3460c0b1ab55fea595e48c907f1a143a60f636fc1757c81a27e799e8",
    "https://esm.sh/v117/graphql@16.6.0/deno/execution/execute.js": "6d23533e2624ce31d60ba27f1c58bb96884a2cfeea26bea273a16a3efd7bdf3d",
    "https://esm.sh/v117/graphql@16.6.0/deno/execution/values.js": "5b9463dc76b79c351d1e982aaaa894f9697899c18f5be0d681bba47a20aa3315",
    "https://esm.sh/v117/graphql@16.6.0/deno/jsutils/Path.js": "29a8b2056a3d702c2e0479927640cfc5475ef4917381186f516b3dc6fdeb45f8",
    "https://esm.sh/v117/graphql@16.6.0/deno/jsutils/devAssert.js": "1b8ba85fec1de431e7e522c2fb878609471333a49b04e333ec12612f23bcebc3",
    "https://esm.sh/v117/graphql@16.6.0/deno/jsutils/didYouMean.js": "fcbc7e1dc8d8fe0db71987cb3ae1e5af642601b945750940c4c104cf4c6e0c1f",
    "https://esm.sh/v117/graphql@16.6.0/deno/jsutils/groupBy.js": "b7fc5b952770f6a6348cfd87fc13c1214c67dbd489d3b8b82cb451201b0953ab",
    "https://esm.sh/v117/graphql@16.6.0/deno/jsutils/identityFunc.js": "526ce3c8f50511537d0d39b06bba250fa299dd3afb7aa187511adf0b534bebe0",
    "https://esm.sh/v117/graphql@16.6.0/deno/jsutils/inspect.js": "78ecb23551c9c9050b60083220747f2fea175e114c243e80003941cf79d551bf",
    "https://esm.sh/v117/graphql@16.6.0/deno/jsutils/instanceOf.js": "95c720e437879e6ee67d6b26880ef0456caea3e87c95f55c2fdad46e904cb74d",
    "https://esm.sh/v117/graphql@16.6.0/deno/jsutils/invariant.js": "499e6b45c129a7287c22ecc05f2e5f301d61c5b313395ea329e33b2f8d49c7b8",
    "https://esm.sh/v117/graphql@16.6.0/deno/jsutils/isIterableObject.js": "17ea107dae7c82ffcb5c672a242f0f0a634bd146733536e316864c286af8a1f1",
    "https://esm.sh/v117/graphql@16.6.0/deno/jsutils/isObjectLike.js": "7ca1e5f366d8945bbff247933d19fd588fb13122ff67b3ae05c9abb69f45de64",
    "https://esm.sh/v117/graphql@16.6.0/deno/jsutils/isPromise.js": "a44107f93e9e797d72deb71af56de184fd099738429d94d55479e031ec916545",
    "https://esm.sh/v117/graphql@16.6.0/deno/jsutils/keyMap.js": "fb408bf3226cde12026a0df7b3af9a625066488aaa9d94bceedf8debb734c983",
    "https://esm.sh/v117/graphql@16.6.0/deno/jsutils/keyValMap.js": "c831922d6e18bd904c0553178f93c766e43e592491c8eab415883b0b2da0df93",
    "https://esm.sh/v117/graphql@16.6.0/deno/jsutils/mapValue.js": "e4e9515355d1a967b6fb15d44033931c9ea11645c11b2852c17524957392cd6a",
    "https://esm.sh/v117/graphql@16.6.0/deno/jsutils/memoize3.js": "fc5378113497e18b2fd77fcdfb5554e7bd51dcd3ed89c21471a16c1ee482504c",
    "https://esm.sh/v117/graphql@16.6.0/deno/jsutils/naturalCompare.js": "25f3dc9763b110b7d6024ace17f5540c2fdb7645240ed9ad13f32d73a14e7b16",
    "https://esm.sh/v117/graphql@16.6.0/deno/jsutils/printPathArray.js": "ab658319b601aba24dceba147098e2ce2607d6023f5be682af8c4f48669e13dd",
    "https://esm.sh/v117/graphql@16.6.0/deno/jsutils/promiseForObject.js": "f4a83219660fc44af46578664916d9aef61b0c078ad28227b01e3a1693b6b76f",
    "https://esm.sh/v117/graphql@16.6.0/deno/jsutils/promiseReduce.js": "154b105ab54619882c1bf803fe352c7b76545d445e37e700502b01b5902ae8c1",
    "https://esm.sh/v117/graphql@16.6.0/deno/jsutils/suggestionList.js": "e80b3aa8117678c61cb3083e01239684e3923282077e1d8cddcb8cd777b5492a",
    "https://esm.sh/v117/graphql@16.6.0/deno/jsutils/toError.js": "7261908daa8c9e0061a1ac851b738c461ec064b7891aa5025dd7ee4e4914348a",
    "https://esm.sh/v117/graphql@16.6.0/deno/jsutils/toObjMap.js": "68270e44ec04b9511ea0bc62be39eceaae12db921e025d0b9522bc0e058ab06b",
    "https://esm.sh/v117/graphql@16.6.0/deno/language/ast.js": "057ff1c95f0757cece8dc202910604ef9cff50001195b5a24ec11154d483c9a4",
    "https://esm.sh/v117/graphql@16.6.0/deno/language/blockString.js": "a0beb37659eb468ba47f75e25664b3ba5a5fee5b91abfd137c444a8083194c0c",
    "https://esm.sh/v117/graphql@16.6.0/deno/language/characterClasses.js": "eca40aec3d9ca09f376137af5c5770e8abb1cc6d8384a5e0e16b100a9ea598d7",
    "https://esm.sh/v117/graphql@16.6.0/deno/language/directiveLocation.js": "cb7ca2157ea241e49644d7c4bed99c49470832d581f7d45c929097a4dbc358d2",
    "https://esm.sh/v117/graphql@16.6.0/deno/language/kinds.js": "0c163d3215a3cd0585092573c59bcd8e4f2feadc17f28c6282916134d570a1ee",
    "https://esm.sh/v117/graphql@16.6.0/deno/language/lexer.js": "d40ca392417ab7d59646063cf0d9d23419027b4f7cd5040d566c38fdac849608",
    "https://esm.sh/v117/graphql@16.6.0/deno/language/location.js": "61c9c70d64654cea0323f3f85c6dbaaac380655e4299efa91629fb39156ec75f",
    "https://esm.sh/v117/graphql@16.6.0/deno/language/parser.js": "20e79f66251155bb4e91abe61434e41127b260f975eedca90a6f1ed306664ef7",
    "https://esm.sh/v117/graphql@16.6.0/deno/language/predicates.js": "a3b61e14b6504dd259ee9010f9bf6a704cc110a810573d384d20324a0621bf16",
    "https://esm.sh/v117/graphql@16.6.0/deno/language/printLocation.js": "3acb38bfc4d26a2d11a825e831f07ee95c18a7bcbc3606b3436e058c58c6bfb0",
    "https://esm.sh/v117/graphql@16.6.0/deno/language/printString.js": "d8d546e871584ed2d99a79de7c074586c84c943c78a26622472539cd70ffb2c9",
    "https://esm.sh/v117/graphql@16.6.0/deno/language/printer.js": "236cabbcecfe3384f7e8f5c8e02273bc758e5f6d24ffa328d82418301bb01029",
    "https://esm.sh/v117/graphql@16.6.0/deno/language/source.js": "2c965bb752e50a59742a0c96cd5f54f60e88c33724fbe812e04f8773b14241a2",
    "https://esm.sh/v117/graphql@16.6.0/deno/language/tokenKind.js": "c3f7445fb56de8c4cf0b220103b8085f8b5d24c689705885d39f5943663a7fbc",
    "https://esm.sh/v117/graphql@16.6.0/deno/language/visitor.js": "4d855b142b1ad195e98461152d7b10913003988c0b47322dd3f347e68171836c",
    "https://esm.sh/v117/graphql@16.6.0/deno/type/assertName.js": "1c8b1cd8c17b48edc51484936e31ba14e217a3c071d6551aed04b8d59dc95d47",
    "https://esm.sh/v117/graphql@16.6.0/deno/type/definition.js": "8dd4e91722b3808bd3236b6bef2ab6d92aaaf9c52814c2da8aab4cbd5c20fe20",
    "https://esm.sh/v117/graphql@16.6.0/deno/type/directives.js": "cf21a182bb4dc950bb3d6cc6c5da4e8020ba492cbd98e02cd5117ee1466e568b",
    "https://esm.sh/v117/graphql@16.6.0/deno/type/introspection.js": "24c6ce13591162f0e33fa861b0dec1ffd206f81cb1c46167e1a72576a5e5c91d",
    "https://esm.sh/v117/graphql@16.6.0/deno/type/scalars.js": "5218f2df33a117af3cd7c9c40173e8e16378d3133f53229345180b090587d152",
    "https://esm.sh/v117/graphql@16.6.0/deno/type/schema.js": "ea1c283f48a9c077c20c86fb93fa9cb326542a118e07f7bc417c479ae1e9d135",
    "https://esm.sh/v117/graphql@16.6.0/deno/type/validate.js": "9e86ecb4de9ca568c2ea31fdc56988bbb53d73be4afeaa966e00bf568bdf8337",
    "https://esm.sh/v117/graphql@16.6.0/deno/utilities.js": "9d5b7b15f9c03640a76e625e651594d69966b6b156e1e900d409b8f63549eb99",
    "https://esm.sh/v117/graphql@16.6.0/deno/utilities/TypeInfo.js": "e7be64016d6875724bb7f13de07f9c9065f5bdaa1d8402adbca67bb5161c62f0",
    "https://esm.sh/v117/graphql@16.6.0/deno/utilities/assertValidName.js": "0cdaecb263d5f7ed92158f0b9baf4723364c0aaf78667d3fc3384560b69d3c0e",
    "https://esm.sh/v117/graphql@16.6.0/deno/utilities/astFromValue.js": "01be799bd2d03dade0680ed4fed947d29a3540895e305328c414702fdaf5c9af",
    "https://esm.sh/v117/graphql@16.6.0/deno/utilities/buildASTSchema.js": "b769bd08654c1f9ae02ad815caee9a14790f07c9571695dfa81947c5dd794cc4",
    "https://esm.sh/v117/graphql@16.6.0/deno/utilities/buildClientSchema.js": "5537aea2de84b59ed878ca0e2447ab5698b30ee35c769ccbd7cd001c70354f33",
    "https://esm.sh/v117/graphql@16.6.0/deno/utilities/coerceInputValue.js": "1289326297dd289cc30c4a0c48448988aacf3630c441bfc284733ebbc26d47c3",
    "https://esm.sh/v117/graphql@16.6.0/deno/utilities/concatAST.js": "9e4a98f288fa2a727c42aae926b83f09e271a54040e4f1566a66e02dcd702c02",
    "https://esm.sh/v117/graphql@16.6.0/deno/utilities/extendSchema.js": "f978d292b6e04a301c279414c2e1a36d0ba7e7de829a1d34ab35d55057521e2d",
    "https://esm.sh/v117/graphql@16.6.0/deno/utilities/findBreakingChanges.js": "4aea7c5f9dd8e7e716e9ad6b75ee2163ab1dc82a696354b01f60360dd3119be5",
    "https://esm.sh/v117/graphql@16.6.0/deno/utilities/getIntrospectionQuery.js": "e7f9d256ccdd0679e5b1c9aed77800a8ab8a470f2318b047a30030a862687320",
    "https://esm.sh/v117/graphql@16.6.0/deno/utilities/getOperationAST.js": "5d30112c69f2f8589d80cbbba61fddf28a46877eabd361d432b395c1d9a4ed4e",
    "https://esm.sh/v117/graphql@16.6.0/deno/utilities/getOperationRootType.js": "680ebea9415a4fb085829295348d8b6abc27c3db1d5ecb2bee76b9308568b4a9",
    "https://esm.sh/v117/graphql@16.6.0/deno/utilities/introspectionFromSchema.js": "b9a8d4a77a89f579b392ea58397f6cd1820b29ad2a3509a27ae300d1f91e0015",
    "https://esm.sh/v117/graphql@16.6.0/deno/utilities/lexicographicSortSchema.js": "7101d0553742cb9c5092664713d8ef952754811c69005f9869ce6a606f191207",
    "https://esm.sh/v117/graphql@16.6.0/deno/utilities/printSchema.js": "a1c0eeec8ae77f7f9e60eb7ee16c7598a236eb951310351b727f355dc54329c4",
    "https://esm.sh/v117/graphql@16.6.0/deno/utilities/separateOperations.js": "09b9497c714a9e2b536578bfecde6db568264b58a45d9c603c28af7ae314dc91",
    "https://esm.sh/v117/graphql@16.6.0/deno/utilities/sortValueNode.js": "cbc32f0f7a2500cdee703b3a5fce679beac5acb65d4f20f272385ef16482647e",
    "https://esm.sh/v117/graphql@16.6.0/deno/utilities/stripIgnoredCharacters.js": "55a4cd7bf21f65d62a71358c81dc32b0d39dc64adf288254379a1a5888f61c06",
    "https://esm.sh/v117/graphql@16.6.0/deno/utilities/typeComparators.js": "4d73212e2bd96299ba404323185194f6d455b19c84e44ffdfdd60e6d80c13067",
    "https://esm.sh/v117/graphql@16.6.0/deno/utilities/typeFromAST.js": "3e3f87cb48fbe13f0020b02921a3e4c2050e896387451f16378ac98fa5e35e9b",
    "https://esm.sh/v117/graphql@16.6.0/deno/utilities/valueFromAST.js": "fe7cd0344a9e5bbe80f78d351c1f22abb7a8534bb823be02427615d7983d937a",
    "https://esm.sh/v117/graphql@16.6.0/deno/utilities/valueFromASTUntyped.js": "bed36a494652863bb6c4969da03d3f1bc5d5be3f149a324b6e2aa8c3db688239",
    "https://esm.sh/v117/graphql@16.6.0/deno/validation/ValidationContext.js": "d3842cae556c0650060a647a2a4f40ec3d565eedeb7747a762a2a3ab33955de8",
    "https://esm.sh/v117/graphql@16.6.0/deno/validation/rules/ExecutableDefinitionsRule.js": "694576f073832a93eaf4bdf9713575213918ae6206f89ea387fc79b6629d8027",
    "https://esm.sh/v117/graphql@16.6.0/deno/validation/rules/FieldsOnCorrectTypeRule.js": "53139c0686320d274fbfe0182f024b01ee32274360c953547d42ef3da8a9ac9a",
    "https://esm.sh/v117/graphql@16.6.0/deno/validation/rules/FragmentsOnCompositeTypesRule.js": "40c15e312323e434cb683516036a420ed72e5881553536a6603e768122876268",
    "https://esm.sh/v117/graphql@16.6.0/deno/validation/rules/KnownArgumentNamesRule.js": "17364115e0e816785a9de47fc9e8b5ea13e135b3964a219cffd9aba3b3137cf5",
    "https://esm.sh/v117/graphql@16.6.0/deno/validation/rules/KnownDirectivesRule.js": "b26c177755655c0a98eed99474d6942f9b81b43e49d8ae188c2f791715fc52f8",
    "https://esm.sh/v117/graphql@16.6.0/deno/validation/rules/KnownFragmentNamesRule.js": "79edb3fb4152af0b47f1b4716d6609bbb49710aa76dcea151a9e3770da50e144",
    "https://esm.sh/v117/graphql@16.6.0/deno/validation/rules/KnownTypeNamesRule.js": "c4f53317381587af5fb987ae7e8b0f247cd2102b7f4637d3c91c38e153e7cf1c",
    "https://esm.sh/v117/graphql@16.6.0/deno/validation/rules/LoneAnonymousOperationRule.js": "f7bad4f9df6368439f762895bc476b7133181167b5a173a64d35c177d1dcc7d1",
    "https://esm.sh/v117/graphql@16.6.0/deno/validation/rules/LoneSchemaDefinitionRule.js": "fda552d1f1c8cd4c2266c756fb145d51ae8488dd9a4346331ca87456123b945b",
    "https://esm.sh/v117/graphql@16.6.0/deno/validation/rules/NoFragmentCyclesRule.js": "a6b1062a3f3ff75f81428c51f30e436b39b6a8c48789223e645ff7ce8067a182",
    "https://esm.sh/v117/graphql@16.6.0/deno/validation/rules/NoUndefinedVariablesRule.js": "9da0c2a3e0b6ae6b4525fce52dc35a7b8742ba47b5e03c76c18a7213a1c6c5d1",
    "https://esm.sh/v117/graphql@16.6.0/deno/validation/rules/NoUnusedFragmentsRule.js": "167c6d9069b7d81140422d7e365ea719de268fdd4fe51a3bffc15ce75c1d76a9",
    "https://esm.sh/v117/graphql@16.6.0/deno/validation/rules/NoUnusedVariablesRule.js": "e05bcd4136be9b1b4d46a7603b58a38a6e30d45a798b53050aa4c69ac228d546",
    "https://esm.sh/v117/graphql@16.6.0/deno/validation/rules/OverlappingFieldsCanBeMergedRule.js": "18c79b9161c341f6864954d9ea3fc7fa85bc0ec48ddbf2ad61b1e241c1fabea6",
    "https://esm.sh/v117/graphql@16.6.0/deno/validation/rules/PossibleFragmentSpreadsRule.js": "8e6c7b1f5803604a98f178377c6a4a206711bd7bc232499bfbf60114d8d4ab6a",
    "https://esm.sh/v117/graphql@16.6.0/deno/validation/rules/PossibleTypeExtensionsRule.js": "8159324ce7160a97721421cafc5b82e2ade45480f5b669c861159f687733f158",
    "https://esm.sh/v117/graphql@16.6.0/deno/validation/rules/ProvidedRequiredArgumentsRule.js": "9eb3716cc271fb2d8dded5b2cb2a9241899365418177515d8a8208765346064f",
    "https://esm.sh/v117/graphql@16.6.0/deno/validation/rules/ScalarLeafsRule.js": "bc37041c41297d68a68ddb197504044e28556d90ba97df9b68f5690bf43aae3b",
    "https://esm.sh/v117/graphql@16.6.0/deno/validation/rules/SingleFieldSubscriptionsRule.js": "4c1f257d56cd7d4a8f90f0d0358b82ea989f532cdaf1f79624a03de412e55117",
    "https://esm.sh/v117/graphql@16.6.0/deno/validation/rules/UniqueArgumentDefinitionNamesRule.js": "0ce9d48c297ecd7408898ad19e44496783dbcb062237b637ed74c08797b1024f",
    "https://esm.sh/v117/graphql@16.6.0/deno/validation/rules/UniqueArgumentNamesRule.js": "48dd1b6abf65e01723f0be7b4cf58f40fead6a916aae023235e5ed82c94c7d3f",
    "https://esm.sh/v117/graphql@16.6.0/deno/validation/rules/UniqueDirectiveNamesRule.js": "a1755ccf118d45109e660add5113544c39c035d2604168407b5fba0b71756485",
    "https://esm.sh/v117/graphql@16.6.0/deno/validation/rules/UniqueDirectivesPerLocationRule.js": "b9082b2ede9d952b38a72c0e190a50aa58de1a02094cd114523cc32f116dfb67",
    "https://esm.sh/v117/graphql@16.6.0/deno/validation/rules/UniqueEnumValueNamesRule.js": "fced89c2ce35bc983be4fc48bcbb043e42bd0a1876ab6ef54ce1dfdf20b3b025",
    "https://esm.sh/v117/graphql@16.6.0/deno/validation/rules/UniqueFieldDefinitionNamesRule.js": "7ed4045ca680307bb098ba2ae7209ed2f40d6a5d11c447db7418d7123db9b697",
    "https://esm.sh/v117/graphql@16.6.0/deno/validation/rules/UniqueFragmentNamesRule.js": "f13fbe3c7c5c61e3d7630f9bf7e96f316d2cf48b1be54a0ea7769c8f5120cb40",
    "https://esm.sh/v117/graphql@16.6.0/deno/validation/rules/UniqueInputFieldNamesRule.js": "691cd71cf31f3b0eae8b435133cfdfcd643e18053dd3cc724115fc4fbf6ddf05",
    "https://esm.sh/v117/graphql@16.6.0/deno/validation/rules/UniqueOperationNamesRule.js": "db0aeb5b4c86830946bc7c30a38bf8876044a2f5ec164fd4dacb190ccd15b19f",
    "https://esm.sh/v117/graphql@16.6.0/deno/validation/rules/UniqueOperationTypesRule.js": "28c27fd62ddb78b9247e01a012c68dce95f9b77043a31240d15ea180fb459dbd",
    "https://esm.sh/v117/graphql@16.6.0/deno/validation/rules/UniqueTypeNamesRule.js": "c23279338bb0859ce1d646cb75359593fed14c3c5cb97996ffd5e48baefde355",
    "https://esm.sh/v117/graphql@16.6.0/deno/validation/rules/UniqueVariableNamesRule.js": "4491d734c322709130b2bc48ac25c8f6a5b2b8fb87a1e029b54e459bb27a9fb7",
    "https://esm.sh/v117/graphql@16.6.0/deno/validation/rules/ValuesOfCorrectTypeRule.js": "f6db7a9c7b2a9c77111668c4c34e9caaa2d86e023a21ea5cb5f8e09a1181a969",
    "https://esm.sh/v117/graphql@16.6.0/deno/validation/rules/VariablesAreInputTypesRule.js": "221fc6684a7b29042282f2119310976710a4455e5ca9de5041691c415b50c1a3",
    "https://esm.sh/v117/graphql@16.6.0/deno/validation/rules/VariablesInAllowedPositionRule.js": "70494ddc48d0d6f4d976466599bcfc9a74d0b0be65cec6dc0f4d67db6a5ec5f8",
    "https://esm.sh/v117/graphql@16.6.0/deno/validation/specifiedRules.js": "7ed728278a65709635e0837a6f41b9ebe5400b83d0df2f6b3c4cf8790fff86ec",
    "https://esm.sh/v117/graphql@16.6.0/deno/validation/validate.js": "6373409d4d4ea9eefb293dc65c2c922193bcc7bc82851cd613624a642e796da0",
    "https://esm.sh/v117/graphql@16.6.0/error/GraphQLError.d.ts": "e159a655d3f485425c0b36d3708b53fb7b8455d56d17f634f5ac0c5a5b815ecf",
    "https://esm.sh/v117/graphql@16.6.0/jsutils/Maybe.d.ts": "0804044cd0488cb7212ddbc1d0f8e1a5bd32970335dbfc613052304a1b0318f9",
    "https://esm.sh/v117/graphql@16.6.0/jsutils/ObjMap.d.ts": "85084ae98c1d319e38ef99b1216d3372a9afd7a368022c01c3351b339d52cb58",
    "https://esm.sh/v117/graphql@16.6.0/jsutils/Path.d.ts": "04825c22d0c91a56dc4311b003d822d12e5b79738309812dc3e27a1e637a8deb",
    "https://esm.sh/v117/graphql@16.6.0/jsutils/PromiseOrValue.d.ts": "692345a43bac37c507fa7065c554258435ab821bbe4fb44b513a70063e932b45",
    "https://esm.sh/v117/graphql@16.6.0/language/ast.d.ts": "c0de0da50d66fc80f5547b0216b21fb14fa3a0268ee9f23c41e1e3b8e793ab5e",
    "https://esm.sh/v117/graphql@16.6.0/language/directiveLocation.d.ts": "de21641eb8edcbc08dd0db4ee70eea907cd07fe72267340b5571c92647f10a77",
    "https://esm.sh/v117/graphql@16.6.0/language/kinds.d.ts": "cddd50d7bd9d7fddda91a576db9f61655d1a55e2d870f154485812f6e39d4c15",
    "https://esm.sh/v117/graphql@16.6.0/language/lexer.d.ts": "8d327131db69a9cc4d01e3473d842b6a81e4dc4715a279a859653811294932aa",
    "https://esm.sh/v117/graphql@16.6.0/language/location.d.ts": "ffbafb3cf8c8e4b3c1b4641cfa1baae87c5b4dc31b3fed0a7a0d05dbc57e76cc",
    "https://esm.sh/v117/graphql@16.6.0/language/parser.d.ts": "4169aa26c69995385813dd3ee5c6c736d9fb690dc58c5b88dcef398dd11d38ac",
    "https://esm.sh/v117/graphql@16.6.0/language/source.d.ts": "b725acb041d2a18fde8f46c48a1408418489c4aa222f559b1ef47bf267cb4be0",
    "https://esm.sh/v117/graphql@16.6.0/language/tokenKind.d.ts": "0539583b089247b73a21eb4a5f7e43208a129df6300d6b829dc1039b79b6c8c4",
    "https://esm.sh/v117/graphql@16.6.0/language/visitor.d.ts": "eb8528e4f841d4140f8cba3b14cdd5818b1762dba169e7b34bed388e86d6472f",
    "https://esm.sh/v117/graphql@16.6.0/type/definition.d.ts": "fa119fee8bb68f72f594d140d7ac6197f01876dc97cbffa997b8d7c8130ca2af",
    "https://esm.sh/v117/graphql@16.6.0/type/directives.d.ts": "23c2cd1bfcf77e553473abcfb680f4bd07d13724fdac32fffd8456b5e91ffc92",
    "https://esm.sh/v117/graphql@16.6.0/type/schema.d.ts": "e20e9dc6352b6f3a2c9a8ed9c32e64c4c21169304f143a1d45d03cdcec63a9d3",
    "https://esm.sh/v117/graphql@16.6.0/utilities/TypeInfo.d.ts": "b03c27aa5f09538bea6c6560b96871de11b8d039b960ebed18cd614fbadd8142",
    "https://esm.sh/v117/graphql@16.6.0/utilities/assertValidName.d.ts": "a04cddbcc7c0fb9bffaebcead4d8a8bcdd7cf85ed6a81e1182f62f8b7943604f",
    "https://esm.sh/v117/graphql@16.6.0/utilities/astFromValue.d.ts": "15d2318d24385a537ffb7a40b96d7e7d0911fd6a9e1e583ffe3dd4e8228af179",
    "https://esm.sh/v117/graphql@16.6.0/utilities/buildASTSchema.d.ts": "ad11a2133d50f9465e9fcb6f3f3e588aeb7e3304b9f8bd70e762d6fc7a47ccf3",
    "https://esm.sh/v117/graphql@16.6.0/utilities/buildClientSchema.d.ts": "d995470b2818ec46d05ee07a7b281da57965f97f89b94674f4302cf55b97c35e",
    "https://esm.sh/v117/graphql@16.6.0/utilities/coerceInputValue.d.ts": "4335cc780470cc8d6c3f4d2605b9cbdce5b0f0a55d83e1e819298a3e3127cf2d",
    "https://esm.sh/v117/graphql@16.6.0/utilities/concatAST.d.ts": "3c0c5717e388beb392ef2dea8e05f205567359a142450649b7824bf5d24cc268",
    "https://esm.sh/v117/graphql@16.6.0/utilities/extendSchema.d.ts": "b20bfaa02b7a07613671ac97e7e039686b753bb1f3a1dd858040e48d2aa3dc0d",
    "https://esm.sh/v117/graphql@16.6.0/utilities/findBreakingChanges.d.ts": "625759a187b8bb49ae45b267cfe4247645a81622ac21ec4a11505296a69e4639",
    "https://esm.sh/v117/graphql@16.6.0/utilities/getIntrospectionQuery.d.ts": "6c221c8e1f1558589d9b10af54b33271902549d19f55903d8016aa9bb2cfd21e",
    "https://esm.sh/v117/graphql@16.6.0/utilities/getOperationAST.d.ts": "e9e5e409afe16dcc5c77dcad421f9d7b9cf5d306c40eb3fc6d16de3608d7e8dd",
    "https://esm.sh/v117/graphql@16.6.0/utilities/getOperationRootType.d.ts": "394faab9d5e96aa7ca7ae0d1aa8f6631f30b3953c6d103dc60c5e6f399d64d1a",
    "https://esm.sh/v117/graphql@16.6.0/utilities/index.d.ts": "8d17bdce4f6418e849dc36acb526b58616e09a1ca9ae0ff80b19215de5d34a3a",
    "https://esm.sh/v117/graphql@16.6.0/utilities/introspectionFromSchema.d.ts": "026e29e1fdb15c90101e6fc2d0de9c9359f00bed11f59e99dc4f24f27e1a6998",
    "https://esm.sh/v117/graphql@16.6.0/utilities/lexicographicSortSchema.d.ts": "feba0aea7626ea869b66e92c4ebdbe4eebb5ed835ea4bad1560d9cca794fb7aa",
    "https://esm.sh/v117/graphql@16.6.0/utilities/printSchema.d.ts": "b68ade7170ed28e70e60d79daf8481d5c7dc9edc32ef8c701d8eddaa3ce7966d",
    "https://esm.sh/v117/graphql@16.6.0/utilities/separateOperations.d.ts": "f35b4afc17d4f89c4c002e439e5a2158e48607a0e5ec3e0ee3ac24dff16e1e45",
    "https://esm.sh/v117/graphql@16.6.0/utilities/stripIgnoredCharacters.d.ts": "85a10f6044c31c62614926e641224fc517b9f81387480d752aa38ab7144ee65a",
    "https://esm.sh/v117/graphql@16.6.0/utilities/typeComparators.d.ts": "9e5c2253b16fbf40e6ca5e8d1c6296f2fc78b9ef39d6d26b426023b5a46ca413",
    "https://esm.sh/v117/graphql@16.6.0/utilities/typeFromAST.d.ts": "e962d436a30ccbc5d0ec78f1353a9bfdff70dd37be2d78826d170db680a01ab9",
    "https://esm.sh/v117/graphql@16.6.0/utilities/typedQueryDocumentNode.d.ts": "20822a47f9603f6cf1afcb8d03877e7e6df31e35e23512c342da483ae96cdc73",
    "https://esm.sh/v117/graphql@16.6.0/utilities/valueFromAST.d.ts": "d6f0ecc5e81dc587c12ce13b8fabe4cae34e2d48b9e110f870ef0b1da750c56e",
    "https://esm.sh/v117/graphql@16.6.0/utilities/valueFromASTUntyped.d.ts": "1dc2a364d7a9d01551943328d6eb1290fc58cb6752175dfa03b4643f9afd5749"
  }
}
